
Microsoft Visual Studio Solution File, Format Version 12.00
# Visual Studio 15
VisualStudioVersion = 15.0.27004.2005
MinimumVisualStudioVersion = 10.0.40219.1
Project("{FAE04EC0-301F-11D3-BF4B-00C04F79EFBC}") = "Lab 1", "Lab 1\Lab 1.csproj", "{6302D637-ED7A-4F69-9159-D08D35EADE3B}"
EndProject
Global
	GlobalSection(SolutionConfigurationPlatforms) = preSolution
		Debug|Any CPU = Debug|Any CPU
		Release|Any CPU = Release|Any CPU
	EndGlobalSection
	GlobalSection(ProjectConfigurationPlatforms) = postSolution
		{6302D637-ED7A-4F69-9159-D08D35EADE3B}.Debug|Any CPU.ActiveCfg = Debug|Any CPU
		{6302D637-ED7A-4F69-9159-D08D35EADE3B}.Debug|Any CPU.Build.0 = Debug|Any CPU
		{6302D637-ED7A-4F69-9159-D08D35EADE3B}.Release|Any CPU.ActiveCfg = Release|Any CPU
		{6302D637-ED7A-4F69-9159-D08D35EADE3B}.Release|Any CPU.Build.0 = Release|Any CPU
	EndGlobalSection
	GlobalSection(SolutionProperties) = preSolution
		HideSolutionNode = FALSE
	EndGlobalSection
	GlobalSection(ExtensibilityGlobals) = postSolution
		SolutionGuid = {B92DFBF6-719B-4884-BB88-675C76B21BF6}
	EndGlobalSection
EndGlobal
